<?xml version="1.0" encoding="UTF-8"?>
<!DOCTYPE plist PUBLIC "-//Apple//DTD PLIST 1.0//EN" "http://www.apple.com/DTDs/PropertyList-1.0.dtd">
<plist version="1.0">
<dict>
	<key>archiveVersion</key>
	<string>1</string>
	<key>classes</key>
	<dict/>
	<key>objectVersion</key>
	<string>46</string>
	<key>objects</key>
	<dict>
		<key>17C4A7481B2C1AEB00446691</key>
		<dict>
			<key>children</key>
			<array>
				<string>17C4A7531B2C1AEB00446691</string>
				<string>17C4A76D1B2C1AEB00446691</string>
				<string>17C4A7521B2C1AEB00446691</string>
				<string>971AFB47544F77AA58D323A4</string>
				<string>849071E4FA3B5B8E40DCCA98</string>
			</array>
			<key>isa</key>
			<string>PBXGroup</string>
			<key>sourceTree</key>
			<string>&lt;group&gt;</string>
		</dict>
		<key>17C4A7491B2C1AEB00446691</key>
		<dict>
			<key>attributes</key>
			<dict>
				<key>LastUpgradeCheck</key>
				<string>0630</string>
				<key>ORGANIZATIONNAME</key>
				<string>com.hanks</string>
				<key>TargetAttributes</key>
				<dict>
					<key>17C4A7501B2C1AEB00446691</key>
					<dict>
						<key>CreatedOnToolsVersion</key>
						<string>6.3.2</string>
					</dict>
					<key>17C4A7691B2C1AEB00446691</key>
					<dict>
						<key>CreatedOnToolsVersion</key>
						<string>6.3.2</string>
						<key>TestTargetID</key>
						<string>17C4A7501B2C1AEB00446691</string>
					</dict>
				</dict>
			</dict>
			<key>buildConfigurationList</key>
			<string>17C4A74C1B2C1AEB00446691</string>
			<key>compatibilityVersion</key>
			<string>Xcode 3.2</string>
			<key>developmentRegion</key>
			<string>English</string>
			<key>hasScannedForEncodings</key>
			<string>0</string>
			<key>isa</key>
			<string>PBXProject</string>
			<key>knownRegions</key>
			<array>
				<string>en</string>
				<string>Base</string>
			</array>
			<key>mainGroup</key>
			<string>17C4A7481B2C1AEB00446691</string>
			<key>productRefGroup</key>
			<string>17C4A7521B2C1AEB00446691</string>
			<key>projectDirPath</key>
			<string></string>
			<key>projectReferences</key>
			<array/>
			<key>projectRoot</key>
			<string></string>
			<key>targets</key>
			<array>
				<string>17C4A7501B2C1AEB00446691</string>
				<string>17C4A7691B2C1AEB00446691</string>
			</array>
		</dict>
		<key>17C4A74C1B2C1AEB00446691</key>
		<dict>
			<key>buildConfigurations</key>
			<array>
				<string>17C4A7721B2C1AEB00446691</string>
				<string>17C4A7731B2C1AEB00446691</string>
			</array>
			<key>defaultConfigurationIsVisible</key>
			<string>0</string>
			<key>defaultConfigurationName</key>
			<string>Release</string>
			<key>isa</key>
			<string>XCConfigurationList</string>
		</dict>
		<key>17C4A74D1B2C1AEB00446691</key>
		<dict>
			<key>buildActionMask</key>
			<string>2147483647</string>
			<key>files</key>
			<array>
				<string>17C4A8761B2C59EE00446691</string>
				<string>17C4A87E1B2C59EE00446691</string>
				<string>17C4A8861B2C59EE00446691</string>
				<string>17C4A8871B2C59EE00446691</string>
				<string>17C4A8791B2C59EE00446691</string>
				<string>17C4A87A1B2C59EE00446691</string>
				<string>17C4A8811B2C59EE00446691</string>
				<string>17C4A7971B2C4CCF00446691</string>
				<string>17C4A8781B2C59EE00446691</string>
				<string>17C4A8841B2C59EE00446691</string>
				<string>17C4A8821B2C59EE00446691</string>
				<string>17C4A87B1B2C59EE00446691</string>
				<string>17C4A8771B2C59EE00446691</string>
				<string>17C4A75A1B2C1AEB00446691</string>
				<string>17C4A87F1B2C59EE00446691</string>
				<string>17C4A87D1B2C59EE00446691</string>
				<string>17C4A8801B2C59EE00446691</string>
				<string>17C4A77D1B2C1B4F00446691</string>
				<string>17C4A8831B2C59EE00446691</string>
				<string>17C4A7571B2C1AEB00446691</string>
				<string>17C4A8851B2C59EE00446691</string>
				<string>17C4A87C1B2C59EE00446691</string>
			</array>
			<key>isa</key>
			<string>PBXSourcesBuildPhase</string>
			<key>runOnlyForDeploymentPostprocessing</key>
			<string>0</string>
		</dict>
		<key>17C4A74E1B2C1AEB00446691</key>
		<dict>
			<key>buildActionMask</key>
			<string>2147483647</string>
			<key>files</key>
			<array>
				<string>47AE7646B790F1023C673E0C</string>
			</array>
			<key>isa</key>
			<string>PBXFrameworksBuildPhase</string>
			<key>runOnlyForDeploymentPostprocessing</key>
			<string>0</string>
		</dict>
		<key>17C4A74F1B2C1AEB00446691</key>
		<dict>
			<key>buildActionMask</key>
			<string>2147483647</string>
			<key>files</key>
			<array>
				<string>17C4A7601B2C1AEB00446691</string>
				<string>17C4A7651B2C1AEB00446691</string>
				<string>17C4A7621B2C1AEB00446691</string>
			</array>
			<key>isa</key>
			<string>PBXResourcesBuildPhase</string>
			<key>runOnlyForDeploymentPostprocessing</key>
			<string>0</string>
		</dict>
		<key>17C4A7501B2C1AEB00446691</key>
		<dict>
			<key>buildConfigurationList</key>
			<string>17C4A7741B2C1AEB00446691</string>
			<key>buildPhases</key>
			<array>
				<string>2C8D2601B7A38243FD899D7C</string>
				<string>17C4A74D1B2C1AEB00446691</string>
				<string>17C4A74E1B2C1AEB00446691</string>
				<string>17C4A74F1B2C1AEB00446691</string>
				<string>8A90E85E62C4621E1FF4F75B</string>
			</array>
			<key>buildRules</key>
			<array/>
			<key>dependencies</key>
			<array/>
			<key>isa</key>
			<string>PBXNativeTarget</string>
			<key>name</key>
			<string>BeaconCharity</string>
			<key>productName</key>
			<string>BeaconCharity</string>
			<key>productReference</key>
			<string>17C4A7511B2C1AEB00446691</string>
			<key>productType</key>
			<string>com.apple.product-type.application</string>
		</dict>
		<key>17C4A7511B2C1AEB00446691</key>
		<dict>
			<key>explicitFileType</key>
			<string>wrapper.application</string>
			<key>includeInIndex</key>
			<string>0</string>
			<key>isa</key>
			<string>PBXFileReference</string>
			<key>path</key>
			<string>BeaconCharity.app</string>
			<key>sourceTree</key>
			<string>BUILT_PRODUCTS_DIR</string>
		</dict>
		<key>17C4A7521B2C1AEB00446691</key>
		<dict>
			<key>children</key>
			<array>
				<string>17C4A7511B2C1AEB00446691</string>
				<string>17C4A76A1B2C1AEB00446691</string>
			</array>
			<key>isa</key>
			<string>PBXGroup</string>
			<key>name</key>
			<string>Products</string>
			<key>sourceTree</key>
			<string>&lt;group&gt;</string>
		</dict>
		<key>17C4A7531B2C1AEB00446691</key>
		<dict>
			<key>children</key>
			<array>
				<string>17C4A84D1B2C59EE00446691</string>
				<string>17C4A77A1B2C1B2200446691</string>
				<string>17C4A7581B2C1AEB00446691</string>
				<string>17C4A7591B2C1AEB00446691</string>
				<string>17C4A75E1B2C1AEB00446691</string>
				<string>17C4A7611B2C1AEB00446691</string>
				<string>17C4A7631B2C1AEB00446691</string>
				<string>17C4A7541B2C1AEB00446691</string>
			</array>
			<key>isa</key>
			<string>PBXGroup</string>
			<key>path</key>
			<string>BeaconCharity</string>
			<key>sourceTree</key>
			<string>&lt;group&gt;</string>
		</dict>
		<key>17C4A7541B2C1AEB00446691</key>
		<dict>
			<key>children</key>
			<array>
				<string>17C4A7551B2C1AEB00446691</string>
				<string>17C4A7561B2C1AEB00446691</string>
			</array>
			<key>isa</key>
			<string>PBXGroup</string>
			<key>name</key>
			<string>Supporting Files</string>
			<key>sourceTree</key>
			<string>&lt;group&gt;</string>
		</dict>
		<key>17C4A7551B2C1AEB00446691</key>
		<dict>
			<key>isa</key>
			<string>PBXFileReference</string>
			<key>lastKnownFileType</key>
			<string>text.plist.xml</string>
			<key>path</key>
			<string>Info.plist</string>
			<key>sourceTree</key>
			<string>&lt;group&gt;</string>
		</dict>
		<key>17C4A7561B2C1AEB00446691</key>
		<dict>
			<key>isa</key>
			<string>PBXFileReference</string>
			<key>lastKnownFileType</key>
			<string>sourcecode.c.objc</string>
			<key>path</key>
			<string>main.m</string>
			<key>sourceTree</key>
			<string>&lt;group&gt;</string>
		</dict>
		<key>17C4A7571B2C1AEB00446691</key>
		<dict>
			<key>fileRef</key>
			<string>17C4A7561B2C1AEB00446691</string>
			<key>isa</key>
			<string>PBXBuildFile</string>
		</dict>
		<key>17C4A7581B2C1AEB00446691</key>
		<dict>
			<key>isa</key>
			<string>PBXFileReference</string>
			<key>lastKnownFileType</key>
			<string>sourcecode.c.h</string>
			<key>path</key>
			<string>AppDelegate.h</string>
			<key>sourceTree</key>
			<string>&lt;group&gt;</string>
		</dict>
		<key>17C4A7591B2C1AEB00446691</key>
		<dict>
			<key>isa</key>
			<string>PBXFileReference</string>
			<key>lastKnownFileType</key>
			<string>sourcecode.c.objc</string>
			<key>path</key>
			<string>AppDelegate.m</string>
			<key>sourceTree</key>
			<string>&lt;group&gt;</string>
		</dict>
		<key>17C4A75A1B2C1AEB00446691</key>
		<dict>
			<key>fileRef</key>
			<string>17C4A7591B2C1AEB00446691</string>
			<key>isa</key>
			<string>PBXBuildFile</string>
		</dict>
		<key>17C4A75E1B2C1AEB00446691</key>
		<dict>
			<key>children</key>
			<array>
				<string>17C4A75F1B2C1AEB00446691</string>
			</array>
			<key>isa</key>
			<string>PBXVariantGroup</string>
			<key>name</key>
			<string>Main.storyboard</string>
			<key>sourceTree</key>
			<string>&lt;group&gt;</string>
		</dict>
		<key>17C4A75F1B2C1AEB00446691</key>
		<dict>
			<key>isa</key>
			<string>PBXFileReference</string>
			<key>lastKnownFileType</key>
			<string>file.storyboard</string>
			<key>name</key>
			<string>Base</string>
			<key>path</key>
			<string>Base.lproj/Main.storyboard</string>
			<key>sourceTree</key>
			<string>&lt;group&gt;</string>
		</dict>
		<key>17C4A7601B2C1AEB00446691</key>
		<dict>
			<key>fileRef</key>
			<string>17C4A75E1B2C1AEB00446691</string>
			<key>isa</key>
			<string>PBXBuildFile</string>
		</dict>
		<key>17C4A7611B2C1AEB00446691</key>
		<dict>
			<key>isa</key>
			<string>PBXFileReference</string>
			<key>lastKnownFileType</key>
			<string>folder.assetcatalog</string>
			<key>path</key>
			<string>Images.xcassets</string>
			<key>sourceTree</key>
			<string>&lt;group&gt;</string>
		</dict>
		<key>17C4A7621B2C1AEB00446691</key>
		<dict>
			<key>fileRef</key>
			<string>17C4A7611B2C1AEB00446691</string>
			<key>isa</key>
			<string>PBXBuildFile</string>
		</dict>
		<key>17C4A7631B2C1AEB00446691</key>
		<dict>
			<key>children</key>
			<array>
				<string>17C4A7641B2C1AEB00446691</string>
			</array>
			<key>isa</key>
			<string>PBXVariantGroup</string>
			<key>name</key>
			<string>LaunchScreen.xib</string>
			<key>sourceTree</key>
			<string>&lt;group&gt;</string>
		</dict>
		<key>17C4A7641B2C1AEB00446691</key>
		<dict>
			<key>isa</key>
			<string>PBXFileReference</string>
			<key>lastKnownFileType</key>
			<string>file.xib</string>
			<key>name</key>
			<string>Base</string>
			<key>path</key>
			<string>Base.lproj/LaunchScreen.xib</string>
			<key>sourceTree</key>
			<string>&lt;group&gt;</string>
		</dict>
		<key>17C4A7651B2C1AEB00446691</key>
		<dict>
			<key>fileRef</key>
			<string>17C4A7631B2C1AEB00446691</string>
			<key>isa</key>
			<string>PBXBuildFile</string>
		</dict>
		<key>17C4A7661B2C1AEB00446691</key>
		<dict>
			<key>buildActionMask</key>
			<string>2147483647</string>
			<key>files</key>
			<array>
				<string>17C4A7711B2C1AEB00446691</string>
			</array>
			<key>isa</key>
			<string>PBXSourcesBuildPhase</string>
			<key>runOnlyForDeploymentPostprocessing</key>
			<string>0</string>
		</dict>
		<key>17C4A7671B2C1AEB00446691</key>
		<dict>
			<key>buildActionMask</key>
			<string>2147483647</string>
			<key>files</key>
			<array/>
			<key>isa</key>
			<string>PBXFrameworksBuildPhase</string>
			<key>runOnlyForDeploymentPostprocessing</key>
			<string>0</string>
		</dict>
		<key>17C4A7681B2C1AEB00446691</key>
		<dict>
			<key>buildActionMask</key>
			<string>2147483647</string>
			<key>files</key>
			<array/>
			<key>isa</key>
			<string>PBXResourcesBuildPhase</string>
			<key>runOnlyForDeploymentPostprocessing</key>
			<string>0</string>
		</dict>
		<key>17C4A7691B2C1AEB00446691</key>
		<dict>
			<key>buildConfigurationList</key>
			<string>17C4A7771B2C1AEB00446691</string>
			<key>buildPhases</key>
			<array>
				<string>17C4A7661B2C1AEB00446691</string>
				<string>17C4A7671B2C1AEB00446691</string>
				<string>17C4A7681B2C1AEB00446691</string>
			</array>
			<key>buildRules</key>
			<array/>
			<key>dependencies</key>
			<array>
				<string>17C4A76C1B2C1AEB00446691</string>
			</array>
			<key>isa</key>
			<string>PBXNativeTarget</string>
			<key>name</key>
			<string>BeaconCharityTests</string>
			<key>productName</key>
			<string>BeaconCharityTests</string>
			<key>productReference</key>
			<string>17C4A76A1B2C1AEB00446691</string>
			<key>productType</key>
			<string>com.apple.product-type.bundle.unit-test</string>
		</dict>
		<key>17C4A76A1B2C1AEB00446691</key>
		<dict>
			<key>explicitFileType</key>
			<string>wrapper.cfbundle</string>
			<key>includeInIndex</key>
			<string>0</string>
			<key>isa</key>
			<string>PBXFileReference</string>
			<key>path</key>
			<string>BeaconCharityTests.xctest</string>
			<key>sourceTree</key>
			<string>BUILT_PRODUCTS_DIR</string>
		</dict>
		<key>17C4A76B1B2C1AEB00446691</key>
		<dict>
			<key>containerPortal</key>
			<string>17C4A7491B2C1AEB00446691</string>
			<key>isa</key>
			<string>PBXContainerItemProxy</string>
			<key>proxyType</key>
			<string>1</string>
			<key>remoteGlobalIDString</key>
			<string>17C4A7501B2C1AEB00446691</string>
			<key>remoteInfo</key>
			<string>BeaconCharity</string>
		</dict>
		<key>17C4A76C1B2C1AEB00446691</key>
		<dict>
			<key>isa</key>
			<string>PBXTargetDependency</string>
			<key>target</key>
			<string>17C4A7501B2C1AEB00446691</string>
			<key>targetProxy</key>
			<string>17C4A76B1B2C1AEB00446691</string>
		</dict>
		<key>17C4A76D1B2C1AEB00446691</key>
		<dict>
			<key>children</key>
			<array>
				<string>17C4A7701B2C1AEB00446691</string>
				<string>17C4A76E1B2C1AEB00446691</string>
			</array>
			<key>isa</key>
			<string>PBXGroup</string>
			<key>path</key>
			<string>BeaconCharityTests</string>
			<key>sourceTree</key>
			<string>&lt;group&gt;</string>
		</dict>
		<key>17C4A76E1B2C1AEB00446691</key>
		<dict>
			<key>children</key>
			<array>
				<string>17C4A76F1B2C1AEB00446691</string>
			</array>
			<key>isa</key>
			<string>PBXGroup</string>
			<key>name</key>
			<string>Supporting Files</string>
			<key>sourceTree</key>
			<string>&lt;group&gt;</string>
		</dict>
		<key>17C4A76F1B2C1AEB00446691</key>
		<dict>
			<key>isa</key>
			<string>PBXFileReference</string>
			<key>lastKnownFileType</key>
			<string>text.plist.xml</string>
			<key>path</key>
			<string>Info.plist</string>
			<key>sourceTree</key>
			<string>&lt;group&gt;</string>
		</dict>
		<key>17C4A7701B2C1AEB00446691</key>
		<dict>
			<key>isa</key>
			<string>PBXFileReference</string>
			<key>lastKnownFileType</key>
			<string>sourcecode.c.objc</string>
			<key>path</key>
			<string>BeaconCharityTests.m</string>
			<key>sourceTree</key>
			<string>&lt;group&gt;</string>
		</dict>
		<key>17C4A7711B2C1AEB00446691</key>
		<dict>
			<key>fileRef</key>
			<string>17C4A7701B2C1AEB00446691</string>
			<key>isa</key>
			<string>PBXBuildFile</string>
		</dict>
		<key>17C4A7721B2C1AEB00446691</key>
		<dict>
			<key>buildSettings</key>
			<dict>
				<key>ALWAYS_SEARCH_USER_PATHS</key>
				<string>NO</string>
				<key>CLANG_CXX_LANGUAGE_STANDARD</key>
				<string>gnu++0x</string>
				<key>CLANG_CXX_LIBRARY</key>
				<string>libc++</string>
				<key>CLANG_ENABLE_MODULES</key>
				<string>YES</string>
				<key>CLANG_ENABLE_OBJC_ARC</key>
				<string>YES</string>
				<key>CLANG_WARN_BOOL_CONVERSION</key>
				<string>YES</string>
				<key>CLANG_WARN_CONSTANT_CONVERSION</key>
				<string>YES</string>
				<key>CLANG_WARN_DIRECT_OBJC_ISA_USAGE</key>
				<string>YES_ERROR</string>
				<key>CLANG_WARN_EMPTY_BODY</key>
				<string>YES</string>
				<key>CLANG_WARN_ENUM_CONVERSION</key>
				<string>YES</string>
				<key>CLANG_WARN_INT_CONVERSION</key>
				<string>YES</string>
				<key>CLANG_WARN_OBJC_ROOT_CLASS</key>
				<string>YES_ERROR</string>
				<key>CLANG_WARN_UNREACHABLE_CODE</key>
				<string>YES</string>
				<key>CLANG_WARN__DUPLICATE_METHOD_MATCH</key>
				<string>YES</string>
				<key>CODE_SIGN_IDENTITY[sdk=iphoneos*]</key>
				<string>iPhone Developer</string>
				<key>COPY_PHASE_STRIP</key>
				<string>NO</string>
				<key>DEBUG_INFORMATION_FORMAT</key>
				<string>dwarf-with-dsym</string>
				<key>ENABLE_STRICT_OBJC_MSGSEND</key>
				<string>YES</string>
				<key>GCC_C_LANGUAGE_STANDARD</key>
				<string>gnu99</string>
				<key>GCC_DYNAMIC_NO_PIC</key>
				<string>NO</string>
				<key>GCC_NO_COMMON_BLOCKS</key>
				<string>YES</string>
				<key>GCC_OPTIMIZATION_LEVEL</key>
				<string>0</string>
				<key>GCC_PREPROCESSOR_DEFINITIONS</key>
				<array>
					<string>DEBUG=1</string>
					<string>$(inherited)</string>
				</array>
				<key>GCC_SYMBOLS_PRIVATE_EXTERN</key>
				<string>NO</string>
				<key>GCC_WARN_64_TO_32_BIT_CONVERSION</key>
				<string>YES</string>
				<key>GCC_WARN_ABOUT_RETURN_TYPE</key>
				<string>YES_ERROR</string>
				<key>GCC_WARN_UNDECLARED_SELECTOR</key>
				<string>YES</string>
				<key>GCC_WARN_UNINITIALIZED_AUTOS</key>
				<string>YES_AGGRESSIVE</string>
				<key>GCC_WARN_UNUSED_FUNCTION</key>
				<string>YES</string>
				<key>GCC_WARN_UNUSED_VARIABLE</key>
				<string>YES</string>
				<key>IPHONEOS_DEPLOYMENT_TARGET</key>
				<string>8.3</string>
				<key>MTL_ENABLE_DEBUG_INFO</key>
				<string>YES</string>
				<key>ONLY_ACTIVE_ARCH</key>
				<string>YES</string>
				<key>SDKROOT</key>
				<string>iphoneos</string>
			</dict>
			<key>isa</key>
			<string>XCBuildConfiguration</string>
			<key>name</key>
			<string>Debug</string>
		</dict>
		<key>17C4A7731B2C1AEB00446691</key>
		<dict>
			<key>buildSettings</key>
			<dict>
				<key>ALWAYS_SEARCH_USER_PATHS</key>
				<string>NO</string>
				<key>CLANG_CXX_LANGUAGE_STANDARD</key>
				<string>gnu++0x</string>
				<key>CLANG_CXX_LIBRARY</key>
				<string>libc++</string>
				<key>CLANG_ENABLE_MODULES</key>
				<string>YES</string>
				<key>CLANG_ENABLE_OBJC_ARC</key>
				<string>YES</string>
				<key>CLANG_WARN_BOOL_CONVERSION</key>
				<string>YES</string>
				<key>CLANG_WARN_CONSTANT_CONVERSION</key>
				<string>YES</string>
				<key>CLANG_WARN_DIRECT_OBJC_ISA_USAGE</key>
				<string>YES_ERROR</string>
				<key>CLANG_WARN_EMPTY_BODY</key>
				<string>YES</string>
				<key>CLANG_WARN_ENUM_CONVERSION</key>
				<string>YES</string>
				<key>CLANG_WARN_INT_CONVERSION</key>
				<string>YES</string>
				<key>CLANG_WARN_OBJC_ROOT_CLASS</key>
				<string>YES_ERROR</string>
				<key>CLANG_WARN_UNREACHABLE_CODE</key>
				<string>YES</string>
				<key>CLANG_WARN__DUPLICATE_METHOD_MATCH</key>
				<string>YES</string>
				<key>CODE_SIGN_IDENTITY[sdk=iphoneos*]</key>
				<string>iPhone Developer</string>
				<key>COPY_PHASE_STRIP</key>
				<string>NO</string>
				<key>DEBUG_INFORMATION_FORMAT</key>
				<string>dwarf-with-dsym</string>
				<key>ENABLE_NS_ASSERTIONS</key>
				<string>NO</string>
				<key>ENABLE_STRICT_OBJC_MSGSEND</key>
				<string>YES</string>
				<key>GCC_C_LANGUAGE_STANDARD</key>
				<string>gnu99</string>
				<key>GCC_NO_COMMON_BLOCKS</key>
				<string>YES</string>
				<key>GCC_WARN_64_TO_32_BIT_CONVERSION</key>
				<string>YES</string>
				<key>GCC_WARN_ABOUT_RETURN_TYPE</key>
				<string>YES_ERROR</string>
				<key>GCC_WARN_UNDECLARED_SELECTOR</key>
				<string>YES</string>
				<key>GCC_WARN_UNINITIALIZED_AUTOS</key>
				<string>YES_AGGRESSIVE</string>
				<key>GCC_WARN_UNUSED_FUNCTION</key>
				<string>YES</string>
				<key>GCC_WARN_UNUSED_VARIABLE</key>
				<string>YES</string>
				<key>IPHONEOS_DEPLOYMENT_TARGET</key>
				<string>8.3</string>
				<key>MTL_ENABLE_DEBUG_INFO</key>
				<string>NO</string>
				<key>SDKROOT</key>
				<string>iphoneos</string>
				<key>VALIDATE_PRODUCT</key>
				<string>YES</string>
			</dict>
			<key>isa</key>
			<string>XCBuildConfiguration</string>
			<key>name</key>
			<string>Release</string>
		</dict>
		<key>17C4A7741B2C1AEB00446691</key>
		<dict>
			<key>buildConfigurations</key>
			<array>
				<string>17C4A7751B2C1AEB00446691</string>
				<string>17C4A7761B2C1AEB00446691</string>
			</array>
			<key>defaultConfigurationIsVisible</key>
			<string>0</string>
			<key>isa</key>
			<string>XCConfigurationList</string>
		</dict>
		<key>17C4A7751B2C1AEB00446691</key>
		<dict>
			<key>baseConfigurationReference</key>
			<string>DF39A2B51800357F9F70CB5F</string>
			<key>buildSettings</key>
			<dict>
				<key>ASSETCATALOG_COMPILER_APPICON_NAME</key>
				<string>AppIcon</string>
				<key>INFOPLIST_FILE</key>
				<string>BeaconCharity/Info.plist</string>
				<key>LD_RUNPATH_SEARCH_PATHS</key>
				<string>$(inherited) @executable_path/Frameworks</string>
				<key>PRODUCT_NAME</key>
				<string>$(TARGET_NAME)</string>
			</dict>
			<key>isa</key>
			<string>XCBuildConfiguration</string>
			<key>name</key>
			<string>Debug</string>
		</dict>
		<key>17C4A7761B2C1AEB00446691</key>
		<dict>
			<key>baseConfigurationReference</key>
			<string>2AC74448179053E5350497C0</string>
			<key>buildSettings</key>
			<dict>
				<key>ASSETCATALOG_COMPILER_APPICON_NAME</key>
				<string>AppIcon</string>
				<key>INFOPLIST_FILE</key>
				<string>BeaconCharity/Info.plist</string>
				<key>LD_RUNPATH_SEARCH_PATHS</key>
				<string>$(inherited) @executable_path/Frameworks</string>
				<key>PRODUCT_NAME</key>
				<string>$(TARGET_NAME)</string>
			</dict>
			<key>isa</key>
			<string>XCBuildConfiguration</string>
			<key>name</key>
			<string>Release</string>
		</dict>
		<key>17C4A7771B2C1AEB00446691</key>
		<dict>
			<key>buildConfigurations</key>
			<array>
				<string>17C4A7781B2C1AEB00446691</string>
				<string>17C4A7791B2C1AEB00446691</string>
			</array>
			<key>defaultConfigurationIsVisible</key>
			<string>0</string>
			<key>isa</key>
			<string>XCConfigurationList</string>
		</dict>
		<key>17C4A7781B2C1AEB00446691</key>
		<dict>
			<key>buildSettings</key>
			<dict>
				<key>BUNDLE_LOADER</key>
				<string>$(TEST_HOST)</string>
				<key>FRAMEWORK_SEARCH_PATHS</key>
				<array>
					<string>$(SDKROOT)/Developer/Library/Frameworks</string>
					<string>$(inherited)</string>
				</array>
				<key>GCC_PREPROCESSOR_DEFINITIONS</key>
				<array>
					<string>DEBUG=1</string>
					<string>$(inherited)</string>
				</array>
				<key>INFOPLIST_FILE</key>
				<string>BeaconCharityTests/Info.plist</string>
				<key>LD_RUNPATH_SEARCH_PATHS</key>
				<string>$(inherited) @executable_path/Frameworks @loader_path/Frameworks</string>
				<key>PRODUCT_NAME</key>
				<string>$(TARGET_NAME)</string>
				<key>TEST_HOST</key>
				<string>$(BUILT_PRODUCTS_DIR)/BeaconCharity.app/BeaconCharity</string>
			</dict>
			<key>isa</key>
			<string>XCBuildConfiguration</string>
			<key>name</key>
			<string>Debug</string>
		</dict>
		<key>17C4A7791B2C1AEB00446691</key>
		<dict>
			<key>buildSettings</key>
			<dict>
				<key>BUNDLE_LOADER</key>
				<string>$(TEST_HOST)</string>
				<key>FRAMEWORK_SEARCH_PATHS</key>
				<array>
					<string>$(SDKROOT)/Developer/Library/Frameworks</string>
					<string>$(inherited)</string>
				</array>
				<key>INFOPLIST_FILE</key>
				<string>BeaconCharityTests/Info.plist</string>
				<key>LD_RUNPATH_SEARCH_PATHS</key>
				<string>$(inherited) @executable_path/Frameworks @loader_path/Frameworks</string>
				<key>PRODUCT_NAME</key>
				<string>$(TARGET_NAME)</string>
				<key>TEST_HOST</key>
				<string>$(BUILT_PRODUCTS_DIR)/BeaconCharity.app/BeaconCharity</string>
			</dict>
			<key>isa</key>
			<string>XCBuildConfiguration</string>
			<key>name</key>
			<string>Release</string>
		</dict>
		<key>17C4A77A1B2C1B2200446691</key>
		<dict>
			<key>children</key>
			<array>
				<string>17C4A77B1B2C1B4F00446691</string>
				<string>17C4A77C1B2C1B4F00446691</string>
				<string>17C4A7951B2C4CCF00446691</string>
				<string>17C4A7961B2C4CCF00446691</string>
			</array>
			<key>isa</key>
			<string>PBXGroup</string>
			<key>path</key>
			<string>ViewControllers</string>
			<key>sourceTree</key>
			<string>&lt;group&gt;</string>
		</dict>
		<key>17C4A77B1B2C1B4F00446691</key>
		<dict>
			<key>fileEncoding</key>
			<string>4</string>
			<key>isa</key>
			<string>PBXFileReference</string>
			<key>lastKnownFileType</key>
			<string>sourcecode.c.h</string>
			<key>path</key>
			<string>CharityListTableViewController.h</string>
			<key>sourceTree</key>
			<string>&lt;group&gt;</string>
		</dict>
		<key>17C4A77C1B2C1B4F00446691</key>
		<dict>
			<key>fileEncoding</key>
			<string>4</string>
			<key>isa</key>
			<string>PBXFileReference</string>
			<key>lastKnownFileType</key>
			<string>sourcecode.c.objc</string>
			<key>path</key>
			<string>CharityListTableViewController.m</string>
			<key>sourceTree</key>
			<string>&lt;group&gt;</string>
		</dict>
		<key>17C4A77D1B2C1B4F00446691</key>
		<dict>
			<key>fileRef</key>
			<string>17C4A77C1B2C1B4F00446691</string>
			<key>isa</key>
			<string>PBXBuildFile</string>
		</dict>
		<key>17C4A7951B2C4CCF00446691</key>
		<dict>
			<key>fileEncoding</key>
			<string>4</string>
			<key>isa</key>
			<string>PBXFileReference</string>
			<key>lastKnownFileType</key>
			<string>sourcecode.c.h</string>
			<key>path</key>
			<string>CharityDetailViewController.h</string>
			<key>sourceTree</key>
			<string>&lt;group&gt;</string>
		</dict>
		<key>17C4A7961B2C4CCF00446691</key>
		<dict>
			<key>fileEncoding</key>
			<string>4</string>
			<key>isa</key>
			<string>PBXFileReference</string>
			<key>lastKnownFileType</key>
			<string>sourcecode.c.objc</string>
			<key>path</key>
			<string>CharityDetailViewController.m</string>
			<key>sourceTree</key>
			<string>&lt;group&gt;</string>
		</dict>
		<key>17C4A7971B2C4CCF00446691</key>
		<dict>
			<key>fileRef</key>
			<string>17C4A7961B2C4CCF00446691</string>
			<key>isa</key>
			<string>PBXBuildFile</string>
		</dict>
		<key>17C4A84D1B2C59EE00446691</key>
		<dict>
			<key>children</key>
			<array>
				<string>17C4A84E1B2C59EE00446691</string>
				<string>17C4A8511B2C59EE00446691</string>
				<string>17C4A8561B2C59EE00446691</string>
				<string>17C4A8591B2C59EE00446691</string>
			</array>
			<key>isa</key>
			<string>PBXGroup</string>
			<key>path</key>
			<string>Classes</string>
			<key>sourceTree</key>
			<string>&lt;group&gt;</string>
		</dict>
		<key>17C4A84E1B2C59EE00446691</key>
		<dict>
			<key>children</key>
			<array>
				<string>17C4A84F1B2C59EE00446691</string>
				<string>17C4A8501B2C59EE00446691</string>
			</array>
			<key>isa</key>
			<string>PBXGroup</string>
			<key>path</key>
			<string>Console</string>
			<key>sourceTree</key>
			<string>&lt;group&gt;</string>
		</dict>
		<key>17C4A84F1B2C59EE00446691</key>
		<dict>
			<key>fileEncoding</key>
			<string>4</string>
			<key>isa</key>
			<string>PBXFileReference</string>
			<key>lastKnownFileType</key>
			<string>sourcecode.c.h</string>
			<key>path</key>
			<string>M13ProgressConsole.h</string>
			<key>sourceTree</key>
			<string>&lt;group&gt;</string>
		</dict>
		<key>17C4A8501B2C59EE00446691</key>
		<dict>
			<key>fileEncoding</key>
			<string>4</string>
			<key>isa</key>
			<string>PBXFileReference</string>
			<key>lastKnownFileType</key>
			<string>sourcecode.c.objc</string>
			<key>path</key>
			<string>M13ProgressConsole.m</string>
			<key>sourceTree</key>
			<string>&lt;group&gt;</string>
		</dict>
		<key>17C4A8511B2C59EE00446691</key>
		<dict>
			<key>children</key>
			<array>
				<string>17C4A8521B2C59EE00446691</string>
				<string>17C4A8531B2C59EE00446691</string>
				<string>17C4A8541B2C59EE00446691</string>
				<string>17C4A8551B2C59EE00446691</string>
			</array>
			<key>isa</key>
			<string>PBXGroup</string>
			<key>path</key>
			<string>HUD</string>
			<key>sourceTree</key>
			<string>&lt;group&gt;</string>
		</dict>
		<key>17C4A8521B2C59EE00446691</key>
		<dict>
			<key>fileEncoding</key>
			<string>4</string>
			<key>isa</key>
			<string>PBXFileReference</string>
			<key>lastKnownFileType</key>
			<string>sourcecode.c.h</string>
			<key>path</key>
			<string>M13ProgressHUD.h</string>
			<key>sourceTree</key>
			<string>&lt;group&gt;</string>
		</dict>
		<key>17C4A8531B2C59EE00446691</key>
		<dict>
			<key>fileEncoding</key>
			<string>4</string>
			<key>isa</key>
			<string>PBXFileReference</string>
			<key>lastKnownFileType</key>
			<string>sourcecode.c.objc</string>
			<key>path</key>
			<string>M13ProgressHUD.m</string>
			<key>sourceTree</key>
			<string>&lt;group&gt;</string>
		</dict>
		<key>17C4A8541B2C59EE00446691</key>
		<dict>
			<key>fileEncoding</key>
			<string>4</string>
			<key>isa</key>
			<string>PBXFileReference</string>
			<key>lastKnownFileType</key>
			<string>sourcecode.c.h</string>
			<key>path</key>
			<string>UIImage+ImageEffects.h</string>
			<key>sourceTree</key>
			<string>&lt;group&gt;</string>
		</dict>
		<key>17C4A8551B2C59EE00446691</key>
		<dict>
			<key>fileEncoding</key>
			<string>4</string>
			<key>isa</key>
			<string>PBXFileReference</string>
			<key>lastKnownFileType</key>
			<string>sourcecode.c.objc</string>
			<key>path</key>
			<string>UIImage+ImageEffects.m</string>
			<key>sourceTree</key>
			<string>&lt;group&gt;</string>
		</dict>
		<key>17C4A8561B2C59EE00446691</key>
		<dict>
			<key>children</key>
			<array>
				<string>17C4A8571B2C59EE00446691</string>
				<string>17C4A8581B2C59EE00446691</string>
			</array>
			<key>isa</key>
			<string>PBXGroup</string>
			<key>path</key>
			<string>NavigationController</string>
			<key>sourceTree</key>
			<string>&lt;group&gt;</string>
		</dict>
		<key>17C4A8571B2C59EE00446691</key>
		<dict>
			<key>fileEncoding</key>
			<string>4</string>
			<key>isa</key>
			<string>PBXFileReference</string>
			<key>lastKnownFileType</key>
			<string>sourcecode.c.h</string>
			<key>path</key>
			<string>UINavigationController+M13ProgressViewBar.h</string>
			<key>sourceTree</key>
			<string>&lt;group&gt;</string>
		</dict>
		<key>17C4A8581B2C59EE00446691</key>
		<dict>
			<key>fileEncoding</key>
			<string>4</string>
			<key>isa</key>
			<string>PBXFileReference</string>
			<key>lastKnownFileType</key>
			<string>sourcecode.c.objc</string>
			<key>path</key>
			<string>UINavigationController+M13ProgressViewBar.m</string>
			<key>sourceTree</key>
			<string>&lt;group&gt;</string>
		</dict>
		<key>17C4A8591B2C59EE00446691</key>
		<dict>
			<key>children</key>
			<array>
				<string>17C4A85A1B2C59EE00446691</string>
				<string>17C4A85B1B2C59EE00446691</string>
				<string>17C4A85C1B2C59EE00446691</string>
				<string>17C4A85D1B2C59EE00446691</string>
				<string>17C4A85E1B2C59EE00446691</string>
				<string>17C4A85F1B2C59EE00446691</string>
				<string>17C4A8601B2C59EE00446691</string>
				<string>17C4A8611B2C59EE00446691</string>
				<string>17C4A8621B2C59EE00446691</string>
				<string>17C4A8631B2C59EE00446691</string>
				<string>17C4A8641B2C59EE00446691</string>
				<string>17C4A8651B2C59EE00446691</string>
				<string>17C4A8661B2C59EE00446691</string>
				<string>17C4A8671B2C59EE00446691</string>
				<string>17C4A8681B2C59EE00446691</string>
				<string>17C4A8691B2C59EE00446691</string>
				<string>17C4A86A1B2C59EE00446691</string>
				<string>17C4A86B1B2C59EE00446691</string>
				<string>17C4A86C1B2C59EE00446691</string>
				<string>17C4A86D1B2C59EE00446691</string>
				<string>17C4A86E1B2C59EE00446691</string>
				<string>17C4A86F1B2C59EE00446691</string>
				<string>17C4A8701B2C59EE00446691</string>
				<string>17C4A8711B2C59EE00446691</string>
				<string>17C4A8721B2C59EE00446691</string>
				<string>17C4A8731B2C59EE00446691</string>
				<string>17C4A8741B2C59EE00446691</string>
				<string>17C4A8751B2C59EE00446691</string>
			</array>
			<key>isa</key>
			<string>PBXGroup</string>
			<key>path</key>
			<string>ProgressViews</string>
			<key>sourceTree</key>
			<string>&lt;group&gt;</string>
		</dict>
		<key>17C4A85A1B2C59EE00446691</key>
		<dict>
			<key>fileEncoding</key>
			<string>4</string>
			<key>isa</key>
			<string>PBXFileReference</string>
			<key>lastKnownFileType</key>
			<string>sourcecode.c.h</string>
			<key>path</key>
			<string>M13ProgressView.h</string>
			<key>sourceTree</key>
			<string>&lt;group&gt;</string>
		</dict>
		<key>17C4A85B1B2C59EE00446691</key>
		<dict>
			<key>fileEncoding</key>
			<string>4</string>
			<key>isa</key>
			<string>PBXFileReference</string>
			<key>lastKnownFileType</key>
			<string>sourcecode.c.objc</string>
			<key>path</key>
			<string>M13ProgressView.m</string>
			<key>sourceTree</key>
			<string>&lt;group&gt;</string>
		</dict>
		<key>17C4A85C1B2C59EE00446691</key>
		<dict>
			<key>fileEncoding</key>
			<string>4</string>
			<key>isa</key>
			<string>PBXFileReference</string>
			<key>lastKnownFileType</key>
			<string>sourcecode.c.h</string>
			<key>path</key>
			<string>M13ProgressViewBar.h</string>
			<key>sourceTree</key>
			<string>&lt;group&gt;</string>
		</dict>
		<key>17C4A85D1B2C59EE00446691</key>
		<dict>
			<key>fileEncoding</key>
			<string>4</string>
			<key>isa</key>
			<string>PBXFileReference</string>
			<key>lastKnownFileType</key>
			<string>sourcecode.c.objc</string>
			<key>path</key>
			<string>M13ProgressViewBar.m</string>
			<key>sourceTree</key>
			<string>&lt;group&gt;</string>
		</dict>
		<key>17C4A85E1B2C59EE00446691</key>
		<dict>
			<key>fileEncoding</key>
			<string>4</string>
			<key>isa</key>
			<string>PBXFileReference</string>
			<key>lastKnownFileType</key>
			<string>sourcecode.c.h</string>
			<key>path</key>
			<string>M13ProgressViewBorderedBar.h</string>
			<key>sourceTree</key>
			<string>&lt;group&gt;</string>
		</dict>
		<key>17C4A85F1B2C59EE00446691</key>
		<dict>
			<key>fileEncoding</key>
			<string>4</string>
			<key>isa</key>
			<string>PBXFileReference</string>
			<key>lastKnownFileType</key>
			<string>sourcecode.c.objc</string>
			<key>path</key>
			<string>M13ProgressViewBorderedBar.m</string>
			<key>sourceTree</key>
			<string>&lt;group&gt;</string>
		</dict>
		<key>17C4A8601B2C59EE00446691</key>
		<dict>
			<key>fileEncoding</key>
			<string>4</string>
			<key>isa</key>
			<string>PBXFileReference</string>
			<key>lastKnownFileType</key>
			<string>sourcecode.c.h</string>
			<key>path</key>
			<string>M13ProgressViewFilteredImage.h</string>
			<key>sourceTree</key>
			<string>&lt;group&gt;</string>
		</dict>
		<key>17C4A8611B2C59EE00446691</key>
		<dict>
			<key>fileEncoding</key>
			<string>4</string>
			<key>isa</key>
			<string>PBXFileReference</string>
			<key>lastKnownFileType</key>
			<string>sourcecode.c.objc</string>
			<key>path</key>
			<string>M13ProgressViewFilteredImage.m</string>
			<key>sourceTree</key>
			<string>&lt;group&gt;</string>
		</dict>
		<key>17C4A8621B2C59EE00446691</key>
		<dict>
			<key>fileEncoding</key>
			<string>4</string>
			<key>isa</key>
			<string>PBXFileReference</string>
			<key>lastKnownFileType</key>
			<string>sourcecode.c.h</string>
			<key>path</key>
			<string>M13ProgressViewImage.h</string>
			<key>sourceTree</key>
			<string>&lt;group&gt;</string>
		</dict>
		<key>17C4A8631B2C59EE00446691</key>
		<dict>
			<key>fileEncoding</key>
			<string>4</string>
			<key>isa</key>
			<string>PBXFileReference</string>
			<key>lastKnownFileType</key>
			<string>sourcecode.c.objc</string>
			<key>path</key>
			<string>M13ProgressViewImage.m</string>
			<key>sourceTree</key>
			<string>&lt;group&gt;</string>
		</dict>
		<key>17C4A8641B2C59EE00446691</key>
		<dict>
			<key>fileEncoding</key>
			<string>4</string>
			<key>isa</key>
			<string>PBXFileReference</string>
			<key>lastKnownFileType</key>
			<string>sourcecode.c.h</string>
			<key>path</key>
			<string>M13ProgressViewLetterpress.h</string>
			<key>sourceTree</key>
			<string>&lt;group&gt;</string>
		</dict>
		<key>17C4A8651B2C59EE00446691</key>
		<dict>
			<key>fileEncoding</key>
			<string>4</string>
			<key>isa</key>
			<string>PBXFileReference</string>
			<key>lastKnownFileType</key>
			<string>sourcecode.c.objc</string>
			<key>path</key>
			<string>M13ProgressViewLetterpress.m</string>
			<key>sourceTree</key>
			<string>&lt;group&gt;</string>
		</dict>
		<key>17C4A8661B2C59EE00446691</key>
		<dict>
			<key>fileEncoding</key>
			<string>4</string>
			<key>isa</key>
			<string>PBXFileReference</string>
			<key>lastKnownFileType</key>
			<string>sourcecode.c.h</string>
			<key>path</key>
			<string>M13ProgressViewMetro.h</string>
			<key>sourceTree</key>
			<string>&lt;group&gt;</string>
		</dict>
		<key>17C4A8671B2C59EE00446691</key>
		<dict>
			<key>fileEncoding</key>
			<string>4</string>
			<key>isa</key>
			<string>PBXFileReference</string>
			<key>lastKnownFileType</key>
			<string>sourcecode.c.objc</string>
			<key>path</key>
			<string>M13ProgressViewMetro.m</string>
			<key>sourceTree</key>
			<string>&lt;group&gt;</string>
		</dict>
		<key>17C4A8681B2C59EE00446691</key>
		<dict>
			<key>fileEncoding</key>
			<string>4</string>
			<key>isa</key>
			<string>PBXFileReference</string>
			<key>lastKnownFileType</key>
			<string>sourcecode.c.h</string>
			<key>path</key>
			<string>M13ProgressViewMetroDotPolygon.h</string>
			<key>sourceTree</key>
			<string>&lt;group&gt;</string>
		</dict>
		<key>17C4A8691B2C59EE00446691</key>
		<dict>
			<key>fileEncoding</key>
			<string>4</string>
			<key>isa</key>
			<string>PBXFileReference</string>
			<key>lastKnownFileType</key>
			<string>sourcecode.c.objc</string>
			<key>path</key>
			<string>M13ProgressViewMetroDotPolygon.m</string>
			<key>sourceTree</key>
			<string>&lt;group&gt;</string>
		</dict>
		<key>17C4A86A1B2C59EE00446691</key>
		<dict>
			<key>fileEncoding</key>
			<string>4</string>
			<key>isa</key>
			<string>PBXFileReference</string>
			<key>lastKnownFileType</key>
			<string>sourcecode.c.h</string>
			<key>path</key>
			<string>M13ProgressViewPie.h</string>
			<key>sourceTree</key>
			<string>&lt;group&gt;</string>
		</dict>
		<key>17C4A86B1B2C59EE00446691</key>
		<dict>
			<key>fileEncoding</key>
			<string>4</string>
			<key>isa</key>
			<string>PBXFileReference</string>
			<key>lastKnownFileType</key>
			<string>sourcecode.c.objc</string>
			<key>path</key>
			<string>M13ProgressViewPie.m</string>
			<key>sourceTree</key>
			<string>&lt;group&gt;</string>
		</dict>
		<key>17C4A86C1B2C59EE00446691</key>
		<dict>
			<key>fileEncoding</key>
			<string>4</string>
			<key>isa</key>
			<string>PBXFileReference</string>
			<key>lastKnownFileType</key>
			<string>sourcecode.c.h</string>
			<key>path</key>
			<string>M13ProgressViewRadiative.h</string>
			<key>sourceTree</key>
			<string>&lt;group&gt;</string>
		</dict>
		<key>17C4A86D1B2C59EE00446691</key>
		<dict>
			<key>fileEncoding</key>
			<string>4</string>
			<key>isa</key>
			<string>PBXFileReference</string>
			<key>lastKnownFileType</key>
			<string>sourcecode.c.objc</string>
			<key>path</key>
			<string>M13ProgressViewRadiative.m</string>
			<key>sourceTree</key>
			<string>&lt;group&gt;</string>
		</dict>
		<key>17C4A86E1B2C59EE00446691</key>
		<dict>
			<key>fileEncoding</key>
			<string>4</string>
			<key>isa</key>
			<string>PBXFileReference</string>
			<key>lastKnownFileType</key>
			<string>sourcecode.c.h</string>
			<key>path</key>
			<string>M13ProgressViewRing.h</string>
			<key>sourceTree</key>
			<string>&lt;group&gt;</string>
		</dict>
		<key>17C4A86F1B2C59EE00446691</key>
		<dict>
			<key>fileEncoding</key>
			<string>4</string>
			<key>isa</key>
			<string>PBXFileReference</string>
			<key>lastKnownFileType</key>
			<string>sourcecode.c.objc</string>
			<key>path</key>
			<string>M13ProgressViewRing.m</string>
			<key>sourceTree</key>
			<string>&lt;group&gt;</string>
		</dict>
		<key>17C4A8701B2C59EE00446691</key>
		<dict>
			<key>fileEncoding</key>
			<string>4</string>
			<key>isa</key>
			<string>PBXFileReference</string>
			<key>lastKnownFileType</key>
			<string>sourcecode.c.h</string>
			<key>path</key>
			<string>M13ProgressViewSegmentedBar.h</string>
			<key>sourceTree</key>
			<string>&lt;group&gt;</string>
		</dict>
		<key>17C4A8711B2C59EE00446691</key>
		<dict>
			<key>fileEncoding</key>
			<string>4</string>
			<key>isa</key>
			<string>PBXFileReference</string>
			<key>lastKnownFileType</key>
			<string>sourcecode.c.objc</string>
			<key>path</key>
			<string>M13ProgressViewSegmentedBar.m</string>
			<key>sourceTree</key>
			<string>&lt;group&gt;</string>
		</dict>
		<key>17C4A8721B2C59EE00446691</key>
		<dict>
			<key>fileEncoding</key>
			<string>4</string>
			<key>isa</key>
			<string>PBXFileReference</string>
			<key>lastKnownFileType</key>
			<string>sourcecode.c.h</string>
			<key>path</key>
			<string>M13ProgressViewSegmentedRing.h</string>
			<key>sourceTree</key>
			<string>&lt;group&gt;</string>
		</dict>
		<key>17C4A8731B2C59EE00446691</key>
		<dict>
			<key>fileEncoding</key>
			<string>4</string>
			<key>isa</key>
			<string>PBXFileReference</string>
			<key>lastKnownFileType</key>
			<string>sourcecode.c.objc</string>
			<key>path</key>
			<string>M13ProgressViewSegmentedRing.m</string>
			<key>sourceTree</key>
			<string>&lt;group&gt;</string>
		</dict>
		<key>17C4A8741B2C59EE00446691</key>
		<dict>
			<key>fileEncoding</key>
			<string>4</string>
			<key>isa</key>
			<string>PBXFileReference</string>
			<key>lastKnownFileType</key>
			<string>sourcecode.c.h</string>
			<key>path</key>
			<string>M13ProgressViewStripedBar.h</string>
			<key>sourceTree</key>
			<string>&lt;group&gt;</string>
		</dict>
		<key>17C4A8751B2C59EE00446691</key>
		<dict>
			<key>fileEncoding</key>
			<string>4</string>
			<key>isa</key>
			<string>PBXFileReference</string>
			<key>lastKnownFileType</key>
			<string>sourcecode.c.objc</string>
			<key>path</key>
			<string>M13ProgressViewStripedBar.m</string>
			<key>sourceTree</key>
			<string>&lt;group&gt;</string>
		</dict>
		<key>17C4A8761B2C59EE00446691</key>
		<dict>
			<key>fileRef</key>
			<string>17C4A8501B2C59EE00446691</string>
			<key>isa</key>
			<string>PBXBuildFile</string>
		</dict>
		<key>17C4A8771B2C59EE00446691</key>
		<dict>
			<key>fileRef</key>
			<string>17C4A8531B2C59EE00446691</string>
			<key>isa</key>
			<string>PBXBuildFile</string>
		</dict>
		<key>17C4A8781B2C59EE00446691</key>
		<dict>
			<key>fileRef</key>
			<string>17C4A8551B2C59EE00446691</string>
			<key>isa</key>
			<string>PBXBuildFile</string>
		</dict>
		<key>17C4A8791B2C59EE00446691</key>
		<dict>
			<key>fileRef</key>
			<string>17C4A8581B2C59EE00446691</string>
			<key>isa</key>
			<string>PBXBuildFile</string>
		</dict>
		<key>17C4A87A1B2C59EE00446691</key>
		<dict>
			<key>fileRef</key>
			<string>17C4A85B1B2C59EE00446691</string>
			<key>isa</key>
			<string>PBXBuildFile</string>
		</dict>
		<key>17C4A87B1B2C59EE00446691</key>
		<dict>
			<key>fileRef</key>
			<string>17C4A85D1B2C59EE00446691</string>
			<key>isa</key>
			<string>PBXBuildFile</string>
		</dict>
		<key>17C4A87C1B2C59EE00446691</key>
		<dict>
			<key>fileRef</key>
			<string>17C4A85F1B2C59EE00446691</string>
			<key>isa</key>
			<string>PBXBuildFile</string>
		</dict>
		<key>17C4A87D1B2C59EE00446691</key>
		<dict>
			<key>fileRef</key>
			<string>17C4A8611B2C59EE00446691</string>
			<key>isa</key>
			<string>PBXBuildFile</string>
		</dict>
		<key>17C4A87E1B2C59EE00446691</key>
		<dict>
			<key>fileRef</key>
			<string>17C4A8631B2C59EE00446691</string>
			<key>isa</key>
			<string>PBXBuildFile</string>
		</dict>
		<key>17C4A87F1B2C59EE00446691</key>
		<dict>
			<key>fileRef</key>
			<string>17C4A8651B2C59EE00446691</string>
			<key>isa</key>
			<string>PBXBuildFile</string>
		</dict>
		<key>17C4A8801B2C59EE00446691</key>
		<dict>
			<key>fileRef</key>
			<string>17C4A8671B2C59EE00446691</string>
			<key>isa</key>
			<string>PBXBuildFile</string>
		</dict>
		<key>17C4A8811B2C59EE00446691</key>
		<dict>
			<key>fileRef</key>
			<string>17C4A8691B2C59EE00446691</string>
			<key>isa</key>
			<string>PBXBuildFile</string>
		</dict>
		<key>17C4A8821B2C59EE00446691</key>
		<dict>
			<key>fileRef</key>
			<string>17C4A86B1B2C59EE00446691</string>
			<key>isa</key>
			<string>PBXBuildFile</string>
		</dict>
		<key>17C4A8831B2C59EE00446691</key>
		<dict>
			<key>fileRef</key>
			<string>17C4A86D1B2C59EE00446691</string>
			<key>isa</key>
			<string>PBXBuildFile</string>
		</dict>
		<key>17C4A8841B2C59EE00446691</key>
		<dict>
			<key>fileRef</key>
			<string>17C4A86F1B2C59EE00446691</string>
			<key>isa</key>
			<string>PBXBuildFile</string>
		</dict>
		<key>17C4A8851B2C59EE00446691</key>
		<dict>
			<key>fileRef</key>
			<string>17C4A8711B2C59EE00446691</string>
			<key>isa</key>
			<string>PBXBuildFile</string>
		</dict>
		<key>17C4A8861B2C59EE00446691</key>
		<dict>
			<key>fileRef</key>
			<string>17C4A8731B2C59EE00446691</string>
			<key>isa</key>
			<string>PBXBuildFile</string>
		</dict>
		<key>17C4A8871B2C59EE00446691</key>
		<dict>
			<key>fileRef</key>
			<string>17C4A8751B2C59EE00446691</string>
			<key>isa</key>
			<string>PBXBuildFile</string>
		</dict>
		<key>2AC74448179053E5350497C0</key>
		<dict>
			<key>includeInIndex</key>
			<string>1</string>
			<key>isa</key>
			<string>PBXFileReference</string>
			<key>lastKnownFileType</key>
			<string>text.xcconfig</string>
			<key>name</key>
			<string>Pods.release.xcconfig</string>
			<key>path</key>
			<string>Pods/Target Support Files/Pods/Pods.release.xcconfig</string>
			<key>sourceTree</key>
			<string>&lt;group&gt;</string>
		</dict>
		<key>2C8D2601B7A38243FD899D7C</key>
		<dict>
			<key>buildActionMask</key>
			<string>2147483647</string>
			<key>files</key>
			<array/>
			<key>inputPaths</key>
			<array/>
			<key>isa</key>
			<string>PBXShellScriptBuildPhase</string>
			<key>name</key>
			<string>Check Pods Manifest.lock</string>
			<key>outputPaths</key>
			<array/>
			<key>runOnlyForDeploymentPostprocessing</key>
			<string>0</string>
			<key>shellPath</key>
			<string>/bin/sh</string>
			<key>shellScript</key>
			<string>diff "${PODS_ROOT}/../Podfile.lock" "${PODS_ROOT}/Manifest.lock" &gt; /dev/null
if [[ $? != 0 ]] ; then
    cat &lt;&lt; EOM
error: The sandbox is not in sync with the Podfile.lock. Run 'pod install' or update your CocoaPods installation.
EOM
    exit 1
fi
</string>
			<key>showEnvVarsInLog</key>
			<string>0</string>
		</dict>
		<key>47AE7646B790F1023C673E0C</key>
		<dict>
			<key>fileRef</key>
			<string>DE5B14FAE9DF6393EF42B848</string>
			<key>isa</key>
			<string>PBXBuildFile</string>
		</dict>
		<key>849071E4FA3B5B8E40DCCA98</key>
		<dict>
			<key>children</key>
			<array>
				<string>DE5B14FAE9DF6393EF42B848</string>
			</array>
			<key>isa</key>
			<string>PBXGroup</string>
			<key>name</key>
			<string>Frameworks</string>
			<key>sourceTree</key>
			<string>&lt;group&gt;</string>
		</dict>
		<key>8A90E85E62C4621E1FF4F75B</key>
		<dict>
			<key>buildActionMask</key>
			<string>2147483647</string>
			<key>files</key>
			<array/>
			<key>inputPaths</key>
			<array/>
			<key>isa</key>
			<string>PBXShellScriptBuildPhase</string>
			<key>name</key>
			<string>Copy Pods Resources</string>
			<key>outputPaths</key>
			<array/>
			<key>runOnlyForDeploymentPostprocessing</key>
			<string>0</string>
			<key>shellPath</key>
			<string>/bin/sh</string>
			<key>shellScript</key>
			<string>"${SRCROOT}/Pods/Target Support Files/Pods/Pods-resources.sh"
</string>
			<key>showEnvVarsInLog</key>
			<string>0</string>
		</dict>
		<key>971AFB47544F77AA58D323A4</key>
		<dict>
			<key>children</key>
			<array>
				<string>DF39A2B51800357F9F70CB5F</string>
				<string>2AC74448179053E5350497C0</string>
			</array>
			<key>isa</key>
			<string>PBXGroup</string>
			<key>name</key>
			<string>Pods</string>
			<key>sourceTree</key>
			<string>&lt;group&gt;</string>
		</dict>
		<key>DE5B14FAE9DF6393EF42B848</key>
		<dict>
			<key>explicitFileType</key>
			<string>archive.ar</string>
			<key>includeInIndex</key>
			<string>0</string>
			<key>isa</key>
			<string>PBXFileReference</string>
			<key>path</key>
			<string>libPods.a</string>
			<key>sourceTree</key>
			<string>BUILT_PRODUCTS_DIR</string>
		</dict>
		<key>DF39A2B51800357F9F70CB5F</key>
		<dict>
			<key>includeInIndex</key>
			<string>1</string>
			<key>isa</key>
			<string>PBXFileReference</string>
			<key>lastKnownFileType</key>
			<string>text.xcconfig</string>
			<key>name</key>
			<string>Pods.debug.xcconfig</string>
			<key>path</key>
			<string>Pods/Target Support Files/Pods/Pods.debug.xcconfig</string>
			<key>sourceTree</key>
			<string>&lt;group&gt;</string>
		</dict>
	</dict>
	<key>rootObject</key>
	<string>17C4A7491B2C1AEB00446691</string>
</dict>
</plist>
